// !$*UTF8*$!
{
	archiveVersion = 1;
	classes = {
	};
	objectVersion = 46;
	objects = {

/* Begin PBXBuildFile section */
		ACA8E8A319E7CAE9004938BD /* Foundation.framework in Frameworks */ = {isa = PBXBuildFile; fileRef = ACA8E8A219E7CAE9004938BD /* Foundation.framework */; };
		ACA8E8A519E7CAE9004938BD /* CoreGraphics.framework in Frameworks */ = {isa = PBXBuildFile; fileRef = ACA8E8A419E7CAE9004938BD /* CoreGraphics.framework */; };
		ACA8E8A719E7CAE9004938BD /* UIKit.framework in Frameworks */ = {isa = PBXBuildFile; fileRef = ACA8E8A619E7CAE9004938BD /* UIKit.framework */; };
		ACA8E8AD19E7CAE9004938BD /* InfoPlist.strings in Resources */ = {isa = PBXBuildFile; fileRef = ACA8E8AB19E7CAE9004938BD /* InfoPlist.strings */; };
		ACA8E8AF19E7CAE9004938BD /* main.m in Sources */ = {isa = PBXBuildFile; fileRef = ACA8E8AE19E7CAE9004938BD /* main.m */; };
		ACA8E8B319E7CAE9004938BD /* AppDelegate.m in Sources */ = {isa = PBXBuildFile; fileRef = ACA8E8B219E7CAE9004938BD /* AppDelegate.m */; };
		ACA8E8B519E7CAE9004938BD /* Images.xcassets in Resources */ = {isa = PBXBuildFile; fileRef = ACA8E8B419E7CAE9004938BD /* Images.xcassets */; };
		ACA8E8BC19E7CAE9004938BD /* XCTest.framework in Frameworks */ = {isa = PBXBuildFile; fileRef = ACA8E8BB19E7CAE9004938BD /* XCTest.framework */; };
		ACA8E8BD19E7CAE9004938BD /* Foundation.framework in Frameworks */ = {isa = PBXBuildFile; fileRef = ACA8E8A219E7CAE9004938BD /* Foundation.framework */; };
		ACA8E8BE19E7CAE9004938BD /* UIKit.framework in Frameworks */ = {isa = PBXBuildFile; fileRef = ACA8E8A619E7CAE9004938BD /* UIKit.framework */; };
		ACA8E8C619E7CAE9004938BD /* InfoPlist.strings in Resources */ = {isa = PBXBuildFile; fileRef = ACA8E8C419E7CAE9004938BD /* InfoPlist.strings */; };
		ACA8E8C819E7CAE9004938BD /* UIView_SCHViewTransform_h_myAnimationCatetoryTests.m in Sources */ = {isa = PBXBuildFile; fileRef = ACA8E8C719E7CAE9004938BD /* UIView_SCHViewTransform_h_myAnimationCatetoryTests.m */; };
		ACA8E8D319E7CB01004938BD /* UIView+SCHViewTransform.m in Sources */ = {isa = PBXBuildFile; fileRef = ACA8E8D219E7CB01004938BD /* UIView+SCHViewTransform.m */; };
/* End PBXBuildFile section */

/* Begin PBXContainerItemProxy section */
		ACA8E8BF19E7CAE9004938BD /* PBXContainerItemProxy */ = {
			isa = PBXContainerItemProxy;
			containerPortal = ACA8E89719E7CAE9004938BD /* Project object */;
			proxyType = 1;
			remoteGlobalIDString = ACA8E89E19E7CAE9004938BD;
			remoteInfo = "UIView+SCHViewTransform.h myAnimationCatetory";
		};
/* End PBXContainerItemProxy section */

/* Begin PBXFileReference section */
		ACA8E89F19E7CAE9004938BD /* UIView+SCHViewTransform.h myAnimationCatetory.app */ = {isa = PBXFileReference; explicitFileType = wrapper.application; includeInIndex = 0; path = "UIView+SCHViewTransform.h myAnimationCatetory.app"; sourceTree = BUILT_PRODUCTS_DIR; };
		ACA8E8A219E7CAE9004938BD /* Foundation.framework */ = {isa = PBXFileReference; lastKnownFileType = wrapper.framework; name = Foundation.framework; path = System/Library/Frameworks/Foundation.framework; sourceTree = SDKROOT; };
		ACA8E8A419E7CAE9004938BD /* CoreGraphics.framework */ = {isa = PBXFileReference; lastKnownFileType = wrapper.framework; name = CoreGraphics.framework; path = System/Library/Frameworks/CoreGraphics.framework; sourceTree = SDKROOT; };
		ACA8E8A619E7CAE9004938BD /* UIKit.framework */ = {isa = PBXFileReference; lastKnownFileType = wrapper.framework; name = UIKit.framework; path = System/Library/Frameworks/UIKit.framework; sourceTree = SDKROOT; };
		ACA8E8AA19E7CAE9004938BD /* UIView+SCHViewTransform.h myAnimationCatetory-Info.plist */ = {isa = PBXFileReference; lastKnownFileType = text.plist.xml; path = "UIView+SCHViewTransform.h myAnimationCatetory-Info.plist"; sourceTree = "<group>"; };
		ACA8E8AC19E7CAE9004938BD /* en */ = {isa = PBXFileReference; lastKnownFileType = text.plist.strings; name = en; path = en.lproj/InfoPlist.strings; sourceTree = "<group>"; };
		ACA8E8AE19E7CAE9004938BD /* main.m */ = {isa = PBXFileReference; lastKnownFileType = sourcecode.c.objc; path = main.m; sourceTree = "<group>"; };
		ACA8E8B019E7CAE9004938BD /* UIView+SCHViewTransform.h myAnimationCatetory-Prefix.pch */ = {isa = PBXFileReference; lastKnownFileType = sourcecode.c.h; path = "UIView+SCHViewTransform.h myAnimationCatetory-Prefix.pch"; sourceTree = "<group>"; };
		ACA8E8B119E7CAE9004938BD /* AppDelegate.h */ = {isa = PBXFileReference; lastKnownFileType = sourcecode.c.h; path = AppDelegate.h; sourceTree = "<group>"; };
		ACA8E8B219E7CAE9004938BD /* AppDelegate.m */ = {isa = PBXFileReference; lastKnownFileType = sourcecode.c.objc; path = AppDelegate.m; sourceTree = "<group>"; };
		ACA8E8B419E7CAE9004938BD /* Images.xcassets */ = {isa = PBXFileReference; lastKnownFileType = folder.assetcatalog; path = Images.xcassets; sourceTree = "<group>"; };
		ACA8E8BA19E7CAE9004938BD /* UIView+SCHViewTransform.h myAnimationCatetoryTests.xctest */ = {isa = PBXFileReference; explicitFileType = wrapper.cfbundle; includeInIndex = 0; path = "UIView+SCHViewTransform.h myAnimationCatetoryTests.xctest"; sourceTree = BUILT_PRODUCTS_DIR; };
		ACA8E8BB19E7CAE9004938BD /* XCTest.framework */ = {isa = PBXFileReference; lastKnownFileType = wrapper.framework; name = XCTest.framework; path = Library/Frameworks/XCTest.framework; sourceTree = DEVELOPER_DIR; };
		ACA8E8C319E7CAE9004938BD /* UIView+SCHViewTransform.h myAnimationCatetoryTests-Info.plist */ = {isa = PBXFileReference; lastKnownFileType = text.plist.xml; path = "UIView+SCHViewTransform.h myAnimationCatetoryTests-Info.plist"; sourceTree = "<group>"; };
		ACA8E8C519E7CAE9004938BD /* en */ = {isa = PBXFileReference; lastKnownFileType = text.plist.strings; name = en; path = en.lproj/InfoPlist.strings; sourceTree = "<group>"; };
		ACA8E8C719E7CAE9004938BD /* UIView_SCHViewTransform_h_myAnimationCatetoryTests.m */ = {isa = PBXFileReference; lastKnownFileType = sourcecode.c.objc; path = UIView_SCHViewTransform_h_myAnimationCatetoryTests.m; sourceTree = "<group>"; };
		ACA8E8D119E7CB01004938BD /* UIView+SCHViewTransform.h */ = {isa = PBXFileReference; fileEncoding = 4; lastKnownFileType = sourcecode.c.h; path = "UIView+SCHViewTransform.h"; sourceTree = "<group>"; };
		ACA8E8D219E7CB01004938BD /* UIView+SCHViewTransform.m */ = {isa = PBXFileReference; fileEncoding = 4; lastKnownFileType = sourcecode.c.objc; path = "UIView+SCHViewTransform.m"; sourceTree = "<group>"; };
/* End PBXFileReference section */

/* Begin PBXFrameworksBuildPhase section */
		ACA8E89C19E7CAE9004938BD /* Frameworks */ = {
			isa = PBXFrameworksBuildPhase;
			buildActionMask = 2147483647;
			files = (
				ACA8E8A519E7CAE9004938BD /* CoreGraphics.framework in Frameworks */,
				ACA8E8A719E7CAE9004938BD /* UIKit.framework in Frameworks */,
				ACA8E8A319E7CAE9004938BD /* Foundation.framework in Frameworks */,
			);
			runOnlyForDeploymentPostprocessing = 0;
		};
		ACA8E8B719E7CAE9004938BD /* Frameworks */ = {
			isa = PBXFrameworksBuildPhase;
			buildActionMask = 2147483647;
			files = (
				ACA8E8BC19E7CAE9004938BD /* XCTest.framework in Frameworks */,
				ACA8E8BE19E7CAE9004938BD /* UIKit.framework in Frameworks */,
				ACA8E8BD19E7CAE9004938BD /* Foundation.framework in Frameworks */,
			);
			runOnlyForDeploymentPostprocessing = 0;
		};
/* End PBXFrameworksBuildPhase section */

/* Begin PBXGroup section */
		ACA8E89619E7CAE9004938BD = {
			isa = PBXGroup;
			children = (
				ACA8E8A819E7CAE9004938BD /* UIView+SCHViewTransform.h myAnimationCatetory */,
				ACA8E8C119E7CAE9004938BD /* UIView+SCHViewTransform.h myAnimationCatetoryTests */,
				ACA8E8A119E7CAE9004938BD /* Frameworks */,
				ACA8E8A019E7CAE9004938BD /* Products */,
			);
			sourceTree = "<group>";
		};
		ACA8E8A019E7CAE9004938BD /* Products */ = {
			isa = PBXGroup;
			children = (
				ACA8E89F19E7CAE9004938BD /* UIView+SCHViewTransform.h myAnimationCatetory.app */,
				ACA8E8BA19E7CAE9004938BD /* UIView+SCHViewTransform.h myAnimationCatetoryTests.xctest */,
			);
			name = Products;
			sourceTree = "<group>";
		};
		ACA8E8A119E7CAE9004938BD /* Frameworks */ = {
			isa = PBXGroup;
			children = (
				ACA8E8A219E7CAE9004938BD /* Foundation.framework */,
				ACA8E8A419E7CAE9004938BD /* CoreGraphics.framework */,
				ACA8E8A619E7CAE9004938BD /* UIKit.framework */,
				ACA8E8BB19E7CAE9004938BD /* XCTest.framework */,
			);
			name = Frameworks;
			sourceTree = "<group>";
		};
		ACA8E8A819E7CAE9004938BD /* UIView+SCHViewTransform.h myAnimationCatetory */ = {
			isa = PBXGroup;
			children = (
				ACA8E8D119E7CB01004938BD /* UIView+SCHViewTransform.h */,
				ACA8E8D219E7CB01004938BD /* UIView+SCHViewTransform.m */,
				ACA8E8B119E7CAE9004938BD /* AppDelegate.h */,
				ACA8E8B219E7CAE9004938BD /* AppDelegate.m */,
				ACA8E8B419E7CAE9004938BD /* Images.xcassets */,
				ACA8E8A919E7CAE9004938BD /* Supporting Files */,
			);
			path = "UIView+SCHViewTransform.h myAnimationCatetory";
			sourceTree = "<group>";
		};
		ACA8E8A919E7CAE9004938BD /* Supporting Files */ = {
			isa = PBXGroup;
			children = (
				ACA8E8AA19E7CAE9004938BD /* UIView+SCHViewTransform.h myAnimationCatetory-Info.plist */,
				ACA8E8AB19E7CAE9004938BD /* InfoPlist.strings */,
				ACA8E8AE19E7CAE9004938BD /* main.m */,
				ACA8E8B019E7CAE9004938BD /* UIView+SCHViewTransform.h myAnimationCatetory-Prefix.pch */,
			);
			name = "Supporting Files";
			sourceTree = "<group>";
		};
		ACA8E8C119E7CAE9004938BD /* UIView+SCHViewTransform.h myAnimationCatetoryTests */ = {
			isa = PBXGroup;
			children = (
				ACA8E8C719E7CAE9004938BD /* UIView_SCHViewTransform_h_myAnimationCatetoryTests.m */,
				ACA8E8C219E7CAE9004938BD /* Supporting Files */,
			);
			path = "UIView+SCHViewTransform.h myAnimationCatetoryTests";
			sourceTree = "<group>";
		};
		ACA8E8C219E7CAE9004938BD /* Supporting Files */ = {
			isa = PBXGroup;
			children = (
				ACA8E8C319E7CAE9004938BD /* UIView+SCHViewTransform.h myAnimationCatetoryTests-Info.plist */,
				ACA8E8C419E7CAE9004938BD /* InfoPlist.strings */,
			);
			name = "Supporting Files";
			sourceTree = "<group>";
		};
/* End PBXGroup section */

/* Begin PBXNativeTarget section */
		ACA8E89E19E7CAE9004938BD /* UIView+SCHViewTransform.h myAnimationCatetory */ = {
			isa = PBXNativeTarget;
			buildConfigurationList = ACA8E8CB19E7CAE9004938BD /* Build configuration list for PBXNativeTarget "UIView+SCHViewTransform.h myAnimationCatetory" */;
			buildPhases = (
				ACA8E89B19E7CAE9004938BD /* Sources */,
				ACA8E89C19E7CAE9004938BD /* Frameworks */,
				ACA8E89D19E7CAE9004938BD /* Resources */,
			);
			buildRules = (
			);
			dependencies = (
			);
			name = "UIView+SCHViewTransform.h myAnimationCatetory";
			productName = "UIView+SCHViewTransform.h myAnimationCatetory";
			productReference = ACA8E89F19E7CAE9004938BD /* UIView+SCHViewTransform.h myAnimationCatetory.app */;
			productType = "com.apple.product-type.application";
		};
		ACA8E8B919E7CAE9004938BD /* UIView+SCHViewTransform.h myAnimationCatetoryTests */ = {
			isa = PBXNativeTarget;
			buildConfigurationList = ACA8E8CE19E7CAE9004938BD /* Build configuration list for PBXNativeTarget "UIView+SCHViewTransform.h myAnimationCatetoryTests" */;
			buildPhases = (
				ACA8E8B619E7CAE9004938BD /* Sources */,
				ACA8E8B719E7CAE9004938BD /* Frameworks */,
				ACA8E8B819E7CAE9004938BD /* Resources */,
			);
			buildRules = (
			);
			dependencies = (
				ACA8E8C019E7CAE9004938BD /* PBXTargetDependency */,
			);
			name = "UIView+SCHViewTransform.h myAnimationCatetoryTests";
			productName = "UIView+SCHViewTransform.h myAnimationCatetoryTests";
			productReference = ACA8E8BA19E7CAE9004938BD /* UIView+SCHViewTransform.h myAnimationCatetoryTests.xctest */;
			productType = "com.apple.product-type.bundle.unit-test";
		};
/* End PBXNativeTarget section */

/* Begin PBXProject section */
		ACA8E89719E7CAE9004938BD /* Project object */ = {
			isa = PBXProject;
			attributes = {
				LastUpgradeCheck = 0510;
				ORGANIZATIONNAME = sch;
				TargetAttributes = {
					ACA8E8B919E7CAE9004938BD = {
						TestTargetID = ACA8E89E19E7CAE9004938BD;
					};
				};
			};
			buildConfigurationList = ACA8E89A19E7CAE9004938BD /* Build configuration list for PBXProject "UIView+SCHViewTransform.h myAnimationCatetory" */;
			compatibilityVersion = "Xcode 3.2";
			developmentRegion = English;
			hasScannedForEncodings = 0;
			knownRegions = (
				en,
			);
			mainGroup = ACA8E89619E7CAE9004938BD;
			productRefGroup = ACA8E8A019E7CAE9004938BD /* Products */;
			projectDirPath = "";
			projectRoot = "";
			targets = (
				ACA8E89E19E7CAE9004938BD /* UIView+SCHViewTransform.h myAnimationCatetory */,
				ACA8E8B919E7CAE9004938BD /* UIView+SCHViewTransform.h myAnimationCatetoryTests */,
			);
		};
/* End PBXProject section */

/* Begin PBXResourcesBuildPhase section */
		ACA8E89D19E7CAE9004938BD /* Resources */ = {
			isa = PBXResourcesBuildPhase;
			buildActionMask = 2147483647;
			files = (
				ACA8E8AD19E7CAE9004938BD /* InfoPlist.strings in Resources */,
				ACA8E8B519E7CAE9004938BD /* Images.xcassets in Resources */,
			);
			runOnlyForDeploymentPostprocessing = 0;
		};
		ACA8E8B819E7CAE9004938BD /* Resources */ = {
			isa = PBXResourcesBuildPhase;
			buildActionMask = 2147483647;
			files = (
				ACA8E8C619E7CAE9004938BD /* InfoPlist.strings in Resources */,
			);
			runOnlyForDeploymentPostprocessing = 0;
		};
/* End PBXResourcesBuildPhase section */

/* Begin PBXSourcesBuildPhase section */
		ACA8E89B19E7CAE9004938BD /* Sources */ = {
			isa = PBXSourcesBuildPhase;
			buildActionMask = 2147483647;
			files = (
				ACA8E8D319E7CB01004938BD /* UIView+SCHViewTransform.m in Sources */,
				ACA8E8B319E7CAE9004938BD /* AppDelegate.m in Sources */,
				ACA8E8AF19E7CAE9004938BD /* main.m in Sources */,
			);
			runOnlyForDeploymentPostprocessing = 0;
		};
		ACA8E8B619E7CAE9004938BD /* Sources */ = {
			isa = PBXSourcesBuildPhase;
			buildActionMask = 2147483647;
			files = (
				ACA8E8C819E7CAE9004938BD /* UIView_SCHViewTransform_h_myAnimationCatetoryTests.m in Sources */,
			);
			runOnlyForDeploymentPostprocessing = 0;
		};
/* End PBXSourcesBuildPhase section */

/* Begin PBXTargetDependency section */
		ACA8E8C019E7CAE9004938BD /* PBXTargetDependency */ = {
			isa = PBXTargetDependency;
			target = ACA8E89E19E7CAE9004938BD /* UIView+SCHViewTransform.h myAnimationCatetory */;
			targetProxy = ACA8E8BF19E7CAE9004938BD /* PBXContainerItemProxy */;
		};
/* End PBXTargetDependency section */

/* Begin PBXVariantGroup section */
		ACA8E8AB19E7CAE9004938BD /* InfoPlist.strings */ = {
			isa = PBXVariantGroup;
			children = (
				ACA8E8AC19E7CAE9004938BD /* en */,
			);
			name = InfoPlist.strings;
			sourceTree = "<group>";
		};
		ACA8E8C419E7CAE9004938BD /* InfoPlist.strings */ = {
			isa = PBXVariantGroup;
			children = (
				ACA8E8C519E7CAE9004938BD /* en */,
			);
			name = InfoPlist.strings;
			sourceTree = "<group>";
		};
/* End PBXVariantGroup section */

/* Begin XCBuildConfiguration section */
		ACA8E8C919E7CAE9004938BD /* Debug */ = {
			isa = XCBuildConfiguration;
			buildSettings = {
				ALWAYS_SEARCH_USER_PATHS = NO;
				CLANG_CXX_LANGUAGE_STANDARD = "gnu++0x";
				CLANG_CXX_LIBRARY = "libc++";
				CLANG_ENABLE_MODULES = YES;
				CLANG_ENABLE_OBJC_ARC = YES;
				CLANG_WARN_BOOL_CONVERSION = YES;
				CLANG_WARN_CONSTANT_CONVERSION = YES;
				CLANG_WARN_DIRECT_OBJC_ISA_USAGE = YES_ERROR;
				CLANG_WARN_EMPTY_BODY = YES;
				CLANG_WARN_ENUM_CONVERSION = YES;
				CLANG_WARN_INT_CONVERSION = YES;
				CLANG_WARN_OBJC_ROOT_CLASS = YES_ERROR;
				CLANG_WARN__DUPLICATE_METHOD_MATCH = YES;
				"CODE_SIGN_IDENTITY[sdk=iphoneos*]" = "iPhone Developer";
				COPY_PHASE_STRIP = NO;
				GCC_C_LANGUAGE_STANDARD = gnu99;
				GCC_DYNAMIC_NO_PIC = NO;
				GCC_OPTIMIZATION_LEVEL = 0;
				GCC_PREPROCESSOR_DEFINITIONS = (
					"DEBUG=1",
					"$(inherited)",
				);
				GCC_SYMBOLS_PRIVATE_EXTERN = NO;
				GCC_WARN_64_TO_32_BIT_CONVERSION = YES;
				GCC_WARN_ABOUT_RETURN_TYPE = YES_ERROR;
				GCC_WARN_UNDECLARED_SELECTOR = YES;
				GCC_WARN_UNINITIALIZED_AUTOS = YES_AGGRESSIVE;
				GCC_WARN_UNUSED_FUNCTION = YES;
				GCC_WARN_UNUSED_VARIABLE = YES;
				IPHONEOS_DEPLOYMENT_TARGET = 7.1;
				ONLY_ACTIVE_ARCH = YES;
				SDKROOT = iphoneos;
			};
			name = Debug;
		};
		ACA8E8CA19E7CAE9004938BD /* Release */ = {
			isa = XCBuildConfiguration;
			buildSettings = {
				ALWAYS_SEARCH_USER_PATHS = NO;
				CLANG_CXX_LANGUAGE_STANDARD = "gnu++0x";
				CLANG_CXX_LIBRARY = "libc++";
				CLANG_ENABLE_MODULES = YES;
				CLANG_ENABLE_OBJC_ARC = YES;
				CLANG_WARN_BOOL_CONVERSION = YES;
				CLANG_WARN_CONSTANT_CONVERSION = YES;
				CLANG_WARN_DIRECT_OBJC_ISA_USAGE = YES_ERROR;
				CLANG_WARN_EMPTY_BODY = YES;
				CLANG_WARN_ENUM_CONVERSION = YES;
				CLANG_WARN_INT_CONVERSION = YES;
				CLANG_WARN_OBJC_ROOT_CLASS = YES_ERROR;
				CLANG_WARN__DUPLICATE_METHOD_MATCH = YES;
				"CODE_SIGN_IDENTITY[sdk=iphoneos*]" = "iPhone Developer";
				COPY_PHASE_STRIP = YES;
				ENABLE_NS_ASSERTIONS = NO;
				GCC_C_LANGUAGE_STANDARD = gnu99;
				GCC_WARN_64_TO_32_BIT_CONVERSION = YES;
				GCC_WARN_ABOUT_RETURN_TYPE = YES_ERROR;
				GCC_WARN_UNDECLARED_SELECTOR = YES;
				GCC_WARN_UNINITIALIZED_AUTOS = YES_AGGRESSIVE;
				GCC_WARN_UNUSED_FUNCTION = YES;
				GCC_WARN_UNUSED_VARIABLE = YES;
				IPHONEOS_DEPLOYMENT_TARGET = 7.1;
				SDKROOT = iphoneos;
				VALIDATE_PRODUCT = YES;
			};
			name = Release;
		};
		ACA8E8CC19E7CAE9004938BD /* Debug */ = {
			isa = XCBuildConfiguration;
			buildSettings = {
				ASSETCATALOG_COMPILER_APPICON_NAME = AppIcon;
				ASSETCATALOG_COMPILER_LAUNCHIMAGE_NAME = LaunchImage;
				GCC_PRECOMPILE_PREFIX_HEADER = YES;
				GCC_PREFIX_HEADER = "UIView+SCHViewTransform.h myAnimationCatetory/UIView+SCHViewTransform.h myAnimationCatetory-Prefix.pch";
				INFOPLIST_FILE = "UIView+SCHViewTransform.h myAnimationCatetory/UIView+SCHViewTransform.h myAnimationCatetory-Info.plist";
				PRODUCT_NAME = "$(TARGET_NAME)";
				WRAPPER_EXTENSION = app;
			};
			name = Debug;
		};
		ACA8E8CD19E7CAE9004938BD /* Release */ = {
			isa = XCBuildConfiguration;
			buildSettings = {
				ASSETCATALOG_COMPILER_APPICON_NAME = AppIcon;
				ASSETCATALOG_COMPILER_LAUNCHIMAGE_NAME = LaunchImage;
				GCC_PRECOMPILE_PREFIX_HEADER = YES;
				GCC_PREFIX_HEADER = "UIView+SCHViewTransform.h myAnimationCatetory/UIView+SCHViewTransform.h myAnimationCatetory-Prefix.pch";
				INFOPLIST_FILE = "UIView+SCHViewTransform.h myAnimationCatetory/UIView+SCHViewTransform.h myAnimationCatetory-Info.plist";
				PRODUCT_NAME = "$(TARGET_NAME)";
				WRAPPER_EXTENSION = app;
			};
			name = Release;
		};
		ACA8E8CF19E7CAE9004938BD /* Debug */ = {
			isa = XCBuildConfiguration;
			buildSettings = {
				BUNDLE_LOADER = "$(BUILT_PRODUCTS_DIR)/UIView+SCHViewTransform.h myAnimationCatetory.app/UIView+SCHViewTransform.h myAnimationCatetory";
				FRAMEWORK_SEARCH_PATHS = (
					"$(SDKROOT)/Developer/Library/Frameworks",
					"$(inherited)",
					"$(DEVELOPER_FRAMEWORKS_DIR)",
				);
				GCC_PRECOMPILE_PREFIX_HEADER = YES;
				GCC_PREFIX_HEADER = "UIView+SCHViewTransform.h myAnimationCatetory/UIView+SCHViewTransform.h myAnimationCatetory-Prefix.pch";
				GCC_PREPROCESSOR_DEFINITIONS = (
					"DEBUG=1",
					"$(inherited)",
				);
				INFOPLIST_FILE = "UIView+SCHViewTransform.h myAnimationCatetoryTests/UIView+SCHViewTransform.h myAnimationCatetoryTests-Info.plist";
				PRODUCT_NAME = "$(TARGET_NAME)";
				TEST_HOST = "$(BUNDLE_LOADER)";
				WRAPPER_EXTENSION = xctest;
			};
			name = Debug;
		};
		ACA8E8D019E7CAE9004938BD /* Release */ = {
			isa = XCBuildConfiguration;
			buildSettings = {
				BUNDLE_LOADER = "$(BUILT_PRODUCTS_DIR)/UIView+SCHViewTransform.h myAnimationCatetory.app/UIView+SCHViewTransform.h myAnimationCatetory";
				FRAMEWORK_SEARCH_PATHS = (
					"$(SDKROOT)/Developer/Library/Frameworks",
					"$(inherited)",
					"$(DEVELOPER_FRAMEWORKS_DIR)",
				);
				GCC_PRECOMPILE_PREFIX_HEADER = YES;
				GCC_PREFIX_HEADER = "UIView+SCHViewTransform.h myAnimationCatetory/UIView+SCHViewTransform.h myAnimationCatetory-Prefix.pch";
				INFOPLIST_FILE = "UIView+SCHViewTransform.h myAnimationCatetoryTests/UIView+SCHViewTransform.h myAnimationCatetoryTests-Info.plist";
				PRODUCT_NAME = "$(TARGET_NAME)";
				TEST_HOST = "$(BUNDLE_LOADER)";
				WRAPPER_EXTENSION = xctest;
			};
			name = Release;
		};
/* End XCBuildConfiguration section */

/* Begin XCConfigurationList section */
		ACA8E89A19E7CAE9004938BD /* Build configuration list for PBXProject "UIView+SCHViewTransform.h myAnimationCatetory" */ = {
			isa = XCConfigurationList;
			buildConfigurations = (
				ACA8E8C919E7CAE9004938BD /* Debug */,
				ACA8E8CA19E7CAE9004938BD /* Release */,
			);
			defaultConfigurationIsVisible = 0;
			defaultConfigurationName = Release;
		};
		ACA8E8CB19E7CAE9004938BD /* Build configuration list for PBXNativeTarget "UIView+SCHViewTransform.h myAnimationCatetory" */ = {
			isa = XCConfigurationList;
			buildConfigurations = (
				ACA8E8CC19E7CAE9004938BD /* Debug */,
				ACA8E8CD19E7CAE9004938BD /* Release */,
			);
			defaultConfigurationIsVisible = 0;
		};
		ACA8E8CE19E7CAE9004938BD /* Build configuration list for PBXNativeTarget "UIView+SCHViewTransform.h myAnimationCatetoryTests" */ = {
			isa = XCConfigurationList;
			buildConfigurations = (
				ACA8E8CF19E7CAE9004938BD /* Debug */,
				ACA8E8D019E7CAE9004938BD /* Release */,
			);
			defaultConfigurationIsVisible = 0;
		};
/* End XCConfigurationList section */
	};
	rootObject = ACA8E89719E7CAE9004938BD /* Project object */;
}
